
Microsoft Visual Studio Solution File, Format Version 12.00
# Visual Studio Version 16
VisualStudioVersion = 16.0.32228.343
MinimumVisualStudioVersion = 10.0.40219.1
Project("{FAE04EC0-301F-11D3-BF4B-00C04F79EFBC}") = "WindowsFormsDemo", "WindowsFormsDemo\WindowsFormsDemo.csproj", "{974B1A5C-D309-48A8-A534-84B39610304E}"
EndProject
Global
	GlobalSection(SolutionConfigurationPlatforms) = preSolution
		Debug|Any CPU = Debug|Any CPU
		Release|Any CPU = Release|Any CPU
	EndGlobalSection
	GlobalSection(ProjectConfigurationPlatforms) = postSolution
		{974B1A5C-D309-48A8-A534-84B39610304E}.Debug|Any CPU.ActiveCfg = Debug|Any CPU
		{974B1A5C-D309-48A8-A534-84B39610304E}.Debug|Any CPU.Build.0 = Debug|Any CPU
		{974B1A5C-D309-48A8-A534-84B39610304E}.Release|Any CPU.ActiveCfg = Release|Any CPU
		{974B1A5C-D309-48A8-A534-84B39610304E}.Release|Any CPU.Build.0 = Release|Any CPU
	EndGlobalSection
	GlobalSection(SolutionProperties) = preSolution
		HideSolutionNode = FALSE
	EndGlobalSection
	GlobalSection(ExtensibilityGlobals) = postSolution
		SolutionGuid = {3DAD76C4-42E5-4FE8-BEB9-8126CC32A880}
	EndGlobalSection
EndGlobal
